// !$*UTF8*$!
{
	archiveVersion = 1;
	classes = {
	};
	objectVersion = 77;
	objects = {

/* Begin PBXBuildFile section */
		067365BA1450DECE081E017D /* 03_LighthouseTower.svg in Resources */ = {isa = PBXBuildFile; fileRef = 8670B5AFC7C49F61C2F097B4 /* 03_LighthouseTower.svg */; };
		0FA89CA94A729693353CA4FD /* 04_LighthouseStar.svg in Resources */ = {isa = PBXBuildFile; fileRef = BFB2FCD9D93C6E9E93EDFC48 /* 04_LighthouseStar.svg */; };
		151D117B8755B07FEA046BB4 /* TodayProjection.swift in Sources */ = {isa = PBXBuildFile; fileRef = 6F263DB6C70F5C5EB2E80148 /* TodayProjection.swift */; };
		2048B3BCD12AE93852471B45 /* 06_Elements_Dark.svg in Resources */ = {isa = PBXBuildFile; fileRef = C775C3CD1F40A348FBC8502E /* 06_Elements_Dark.svg */; };
		26FF130FBB1B834877DA2872 /* AppIcon.icon in Resources */ = {isa = PBXBuildFile; fileRef = 1C8D787A41B2CA945741816C /* AppIcon.icon */; };
		37F7F86AB724F71AC231CCDB /* LumeMark.swift in Sources */ = {isa = PBXBuildFile; fileRef = BCEF40D615CDEE23786C4E4D /* LumeMark.swift */; };
		4105FA5165E067D37AEF8608 /* LumeProtocolTests.swift in Sources */ = {isa = PBXBuildFile; fileRef = CD95C8F3A2A405DEF8270F75 /* LumeProtocolTests.swift */; };
		47B0AC4694FB271A94B8153A /* LumeProtocol.swift in Sources */ = {isa = PBXBuildFile; fileRef = 078EF2DA8DDA212B59798ED9 /* LumeProtocol.swift */; };
		49F26354885BDABBD8458F1D /* PrioritiesView.swift in Sources */ = {isa = PBXBuildFile; fileRef = FA1265FED2FEF8FBA90D4CA6 /* PrioritiesView.swift */; };
		4E9835D5AC7F23EBF14A06BD /* PriorityItem.swift in Sources */ = {isa = PBXBuildFile; fileRef = 1871AA0BB343B184DA4BAFFE /* PriorityItem.swift */; };
		7174D7CFF1F30E0E71AC9050 /* LumeApp.swift in Sources */ = {isa = PBXBuildFile; fileRef = 03BEE23B93A94D105C0A987F /* LumeApp.swift */; };
		7E60D308DB208FE63C441695 /* TodayView.swift in Sources */ = {isa = PBXBuildFile; fileRef = 2C5B9C52E9C3FF4BF88220FD /* TodayView.swift */; };
		A726CF144F385946F7DD113A /* AppModel.swift in Sources */ = {isa = PBXBuildFile; fileRef = C31FE09EC8BA0521FE291604 /* AppModel.swift */; };
		AB880CDD6932AE4B2F0910B6 /* AppIcon60@2x.png in Resources */ = {isa = PBXBuildFile; fileRef = 576E60FA0F3ABBD2F0CCA8D2 /* AppIcon60@2x.png */; };
		B89D069AA031EA93CCC417B8 /* 01_Background.svg in Resources */ = {isa = PBXBuildFile; fileRef = 583A42875F2B015DF25334AB /* 01_Background.svg */; };
		BC91A8BFD1AA2085ECAFD452 /* PrioritiesStore.swift in Sources */ = {isa = PBXBuildFile; fileRef = 6C5556A610747FEE422E35B2 /* PrioritiesStore.swift */; };
		BD2FD25E660A2BB23CF6C18B /* 01_Background_Dark.svg in Resources */ = {isa = PBXBuildFile; fileRef = BD4B36FA353CF009DCCE6ED6 /* 01_Background_Dark.svg */; };
		C1289C304962366AE04CB9E1 /* 05_OrientationCorona.svg in Resources */ = {isa = PBXBuildFile; fileRef = 0FBB496B17AB3363EB2477B6 /* 05_OrientationCorona.svg */; };
		C90C84CF726D4CAEA7C005EF /* 02_Horizon.svg in Resources */ = {isa = PBXBuildFile; fileRef = 38118D2B0BE3830EF99339AB /* 02_Horizon.svg */; };
		D9FCC0240675D289D119718A /* RootView.swift in Sources */ = {isa = PBXBuildFile; fileRef = 3BD33722199521AF66C9AE2C /* RootView.swift */; };
		DABB8F971B825F8E7C760509 /* TodayEntry.swift in Sources */ = {isa = PBXBuildFile; fileRef = 43EE9D5FF26F7268D4562457 /* TodayEntry.swift */; };
		E11B3D15EDE59D20C802AAC1 /* TodayStore.swift in Sources */ = {isa = PBXBuildFile; fileRef = 9766F1472B5B31F05E3C143A /* TodayStore.swift */; };
		E2CB8E731E249A8E92D9A77F /* LumeBluetoothManager.swift in Sources */ = {isa = PBXBuildFile; fileRef = 0CF6BC534521453A49F94969 /* LumeBluetoothManager.swift */; };
		E3F77332A9BC83A22902FC55 /* TodayTests.swift in Sources */ = {isa = PBXBuildFile; fileRef = 9A4BEBF819005878AD70654C /* TodayTests.swift */; };
		F333F92FD5EDD90663149C76 /* AppIcon60@3x.png in Resources */ = {isa = PBXBuildFile; fileRef = 0D7306206A6E4DF0D83AE6D4 /* AppIcon60@3x.png */; };
		F9BC2E9BDCBE5782CF67BF60 /* LumeTheme.swift in Sources */ = {isa = PBXBuildFile; fileRef = D07852753B3A3FD362F10635 /* LumeTheme.swift */; };
/* End PBXBuildFile section */

/* Begin PBXContainerItemProxy section */
		5791556AED10E70049C43EDE /* PBXContainerItemProxy */ = {
			isa = PBXContainerItemProxy;
			containerPortal = A37DE961BCDB8E1D52678C1B /* Project object */;
			proxyType = 1;
			remoteGlobalIDString = 6781F12CAACF93EAAB4D46AE;
			remoteInfo = Lume;
		};
/* End PBXContainerItemProxy section */

/* Begin PBXFileReference section */
		03BEE23B93A94D105C0A987F /* LumeApp.swift */ = {isa = PBXFileReference; lastKnownFileType = sourcecode.swift; path = LumeApp.swift; sourceTree = "<group>"; };
		078EF2DA8DDA212B59798ED9 /* LumeProtocol.swift */ = {isa = PBXFileReference; lastKnownFileType = sourcecode.swift; path = LumeProtocol.swift; sourceTree = "<group>"; };
		0CF6BC534521453A49F94969 /* LumeBluetoothManager.swift */ = {isa = PBXFileReference; lastKnownFileType = sourcecode.swift; path = LumeBluetoothManager.swift; sourceTree = "<group>"; };
		0D7306206A6E4DF0D83AE6D4 /* AppIcon60@3x.png */ = {isa = PBXFileReference; lastKnownFileType = image.png; path = "AppIcon60@3x.png"; sourceTree = "<group>"; };
		0FBB496B17AB3363EB2477B6 /* 05_OrientationCorona.svg */ = {isa = PBXFileReference; path = 05_OrientationCorona.svg; sourceTree = "<group>"; };
		0FFE4586B021941AF3F4C1C4 /* Lume.app */ = {isa = PBXFileReference; includeInIndex = 0; lastKnownFileType = wrapper.application; path = Lume.app; sourceTree = BUILT_PRODUCTS_DIR; };
		1871AA0BB343B184DA4BAFFE /* PriorityItem.swift */ = {isa = PBXFileReference; lastKnownFileType = sourcecode.swift; path = PriorityItem.swift; sourceTree = "<group>"; };
		1C8D787A41B2CA945741816C /* AppIcon.icon */ = {isa = PBXFileReference; lastKnownFileType = wrapper.icon; path = AppIcon.icon; sourceTree = "<group>"; };
		2C5B9C52E9C3FF4BF88220FD /* TodayView.swift */ = {isa = PBXFileReference; lastKnownFileType = sourcecode.swift; path = TodayView.swift; sourceTree = "<group>"; };
		38118D2B0BE3830EF99339AB /* 02_Horizon.svg */ = {isa = PBXFileReference; path = 02_Horizon.svg; sourceTree = "<group>"; };
		3BD33722199521AF66C9AE2C /* RootView.swift */ = {isa = PBXFileReference; lastKnownFileType = sourcecode.swift; path = RootView.swift; sourceTree = "<group>"; };
		43EE9D5FF26F7268D4562457 /* TodayEntry.swift */ = {isa = PBXFileReference; lastKnownFileType = sourcecode.swift; path = TodayEntry.swift; sourceTree = "<group>"; };
		576E60FA0F3ABBD2F0CCA8D2 /* AppIcon60@2x.png */ = {isa = PBXFileReference; lastKnownFileType = image.png; path = "AppIcon60@2x.png"; sourceTree = "<group>"; };
		583A42875F2B015DF25334AB /* 01_Background.svg */ = {isa = PBXFileReference; path = 01_Background.svg; sourceTree = "<group>"; };
		6C5556A610747FEE422E35B2 /* PrioritiesStore.swift */ = {isa = PBXFileReference; lastKnownFileType = sourcecode.swift; path = PrioritiesStore.swift; sourceTree = "<group>"; };
		6F263DB6C70F5C5EB2E80148 /* TodayProjection.swift */ = {isa = PBXFileReference; lastKnownFileType = sourcecode.swift; path = TodayProjection.swift; sourceTree = "<group>"; };
		8670B5AFC7C49F61C2F097B4 /* 03_LighthouseTower.svg */ = {isa = PBXFileReference; path = 03_LighthouseTower.svg; sourceTree = "<group>"; };
		9766F1472B5B31F05E3C143A /* TodayStore.swift */ = {isa = PBXFileReference; lastKnownFileType = sourcecode.swift; path = TodayStore.swift; sourceTree = "<group>"; };
		9A4BEBF819005878AD70654C /* TodayTests.swift */ = {isa = PBXFileReference; lastKnownFileType = sourcecode.swift; path = TodayTests.swift; sourceTree = "<group>"; };
		BCEF40D615CDEE23786C4E4D /* LumeMark.swift */ = {isa = PBXFileReference; lastKnownFileType = sourcecode.swift; path = LumeMark.swift; sourceTree = "<group>"; };
		BD4B36FA353CF009DCCE6ED6 /* 01_Background_Dark.svg */ = {isa = PBXFileReference; path = 01_Background_Dark.svg; sourceTree = "<group>"; };
		BFB2FCD9D93C6E9E93EDFC48 /* 04_LighthouseStar.svg */ = {isa = PBXFileReference; path = 04_LighthouseStar.svg; sourceTree = "<group>"; };
		C31FE09EC8BA0521FE291604 /* AppModel.swift */ = {isa = PBXFileReference; lastKnownFileType = sourcecode.swift; path = AppModel.swift; sourceTree = "<group>"; };
		C775C3CD1F40A348FBC8502E /* 06_Elements_Dark.svg */ = {isa = PBXFileReference; path = 06_Elements_Dark.svg; sourceTree = "<group>"; };
		CD95C8F3A2A405DEF8270F75 /* LumeProtocolTests.swift */ = {isa = PBXFileReference; lastKnownFileType = sourcecode.swift; path = LumeProtocolTests.swift; sourceTree = "<group>"; };
		D07852753B3A3FD362F10635 /* LumeTheme.swift */ = {isa = PBXFileReference; lastKnownFileType = sourcecode.swift; path = LumeTheme.swift; sourceTree = "<group>"; };
		FA1265FED2FEF8FBA90D4CA6 /* PrioritiesView.swift */ = {isa = PBXFileReference; lastKnownFileType = sourcecode.swift; path = PrioritiesView.swift; sourceTree = "<group>"; };
		FE97FEC434BC0AEE89BE0C9B /* LumeTests.xctest */ = {isa = PBXFileReference; includeInIndex = 0; lastKnownFileType = wrapper.cfbundle; path = LumeTests.xctest; sourceTree = BUILT_PRODUCTS_DIR; };
/* End PBXFileReference section */

/* Begin PBXGroup section */
		0140F8C0DBBB4333295E18AC /* Lume */ = {
			isa = PBXGroup;
			children = (
				377369C59B8F39916FC0215A /* App */,
				16DC55EE8AD70AAF06A18E0F /* Bluetooth */,
				1A0E4D3596F262B8BC3EC8C4 /* Design */,
				F44BA776020BB8AB72CDD3FB /* Features */,
				3B08E0A497DF553FA81E3036 /* Resources */,
			);
			path = Lume;
			sourceTree = "<group>";
		};
		16DC55EE8AD70AAF06A18E0F /* Bluetooth */ = {
			isa = PBXGroup;
			children = (
				0CF6BC534521453A49F94969 /* LumeBluetoothManager.swift */,
				078EF2DA8DDA212B59798ED9 /* LumeProtocol.swift */,
			);
			path = Bluetooth;
			sourceTree = "<group>";
		};
		1A0E4D3596F262B8BC3EC8C4 /* Design */ = {
			isa = PBXGroup;
			children = (
				BCEF40D615CDEE23786C4E4D /* LumeMark.swift */,
				D07852753B3A3FD362F10635 /* LumeTheme.swift */,
			);
			path = Design;
			sourceTree = "<group>";
		};
		377369C59B8F39916FC0215A /* App */ = {
			isa = PBXGroup;
			children = (
				C31FE09EC8BA0521FE291604 /* AppModel.swift */,
				03BEE23B93A94D105C0A987F /* LumeApp.swift */,
				3BD33722199521AF66C9AE2C /* RootView.swift */,
			);
			path = App;
			sourceTree = "<group>";
		};
		3B08E0A497DF553FA81E3036 /* Resources */ = {
			isa = PBXGroup;
			children = (
				1C8D787A41B2CA945741816C /* AppIcon.icon */,
				576E60FA0F3ABBD2F0CCA8D2 /* AppIcon60@2x.png */,
				0D7306206A6E4DF0D83AE6D4 /* AppIcon60@3x.png */,
				3C7902486C5EA33FDC49DF5A /* AppIconLayers */,
			);
			path = Resources;
			sourceTree = "<group>";
		};
		3C7902486C5EA33FDC49DF5A /* AppIconLayers */ = {
			isa = PBXGroup;
			children = (
				BD4B36FA353CF009DCCE6ED6 /* 01_Background_Dark.svg */,
				583A42875F2B015DF25334AB /* 01_Background.svg */,
				38118D2B0BE3830EF99339AB /* 02_Horizon.svg */,
				8670B5AFC7C49F61C2F097B4 /* 03_LighthouseTower.svg */,
				BFB2FCD9D93C6E9E93EDFC48 /* 04_LighthouseStar.svg */,
				0FBB496B17AB3363EB2477B6 /* 05_OrientationCorona.svg */,
				C775C3CD1F40A348FBC8502E /* 06_Elements_Dark.svg */,
			);
			path = AppIconLayers;
			sourceTree = "<group>";
		};
		5F02AC32925040A73C46DC34 /* Products */ = {
			isa = PBXGroup;
			children = (
				0FFE4586B021941AF3F4C1C4 /* Lume.app */,
				FE97FEC434BC0AEE89BE0C9B /* LumeTests.xctest */,
			);
			name = Products;
			sourceTree = "<group>";
		};
		C2358255B6405E2CB603E22B = {
			isa = PBXGroup;
			children = (
				0140F8C0DBBB4333295E18AC /* Lume */,
				DBCAACCB6F4F15A361B93D00 /* LumeTests */,
				5F02AC32925040A73C46DC34 /* Products */,
			);
			sourceTree = "<group>";
		};
		DBCAACCB6F4F15A361B93D00 /* LumeTests */ = {
			isa = PBXGroup;
			children = (
				CD95C8F3A2A405DEF8270F75 /* LumeProtocolTests.swift */,
				9A4BEBF819005878AD70654C /* TodayTests.swift */,
			);
			path = LumeTests;
			sourceTree = "<group>";
		};
		E3B282A61EF8AFD6CD9A6E18 /* Today */ = {
			isa = PBXGroup;
			children = (
				43EE9D5FF26F7268D4562457 /* TodayEntry.swift */,
				6F263DB6C70F5C5EB2E80148 /* TodayProjection.swift */,
				9766F1472B5B31F05E3C143A /* TodayStore.swift */,
				2C5B9C52E9C3FF4BF88220FD /* TodayView.swift */,
			);
			path = Today;
			sourceTree = "<group>";
		};
		F44BA776020BB8AB72CDD3FB /* Features */ = {
			isa = PBXGroup;
			children = (
				F79D1C91925DD4322EABF5BF /* Priorities */,
				E3B282A61EF8AFD6CD9A6E18 /* Today */,
			);
			path = Features;
			sourceTree = "<group>";
		};
		F79D1C91925DD4322EABF5BF /* Priorities */ = {
			isa = PBXGroup;
			children = (
				6C5556A610747FEE422E35B2 /* PrioritiesStore.swift */,
				FA1265FED2FEF8FBA90D4CA6 /* PrioritiesView.swift */,
				1871AA0BB343B184DA4BAFFE /* PriorityItem.swift */,
			);
			path = Priorities;
			sourceTree = "<group>";
		};
/* End PBXGroup section */

/* Begin PBXNativeTarget section */
		6781F12CAACF93EAAB4D46AE /* Lume */ = {
			isa = PBXNativeTarget;
			buildConfigurationList = BDC0374DA059459A7CA769D1 /* Build configuration list for PBXNativeTarget "Lume" */;
			buildPhases = (
				4D16448F18F79829F8FAB167 /* Sources */,
				1D179C034E0DCB7561277CD0 /* Resources */,
			);
			buildRules = (
			);
			dependencies = (
			);
			name = Lume;
			packageProductDependencies = (
			);
			productName = Lume;
			productReference = 0FFE4586B021941AF3F4C1C4 /* Lume.app */;
			productType = "com.apple.product-type.application";
		};
		CBD5AE6E840C1A7DA79348F6 /* LumeTests */ = {
			isa = PBXNativeTarget;
			buildConfigurationList = 427689F78894CE6AABB9523E /* Build configuration list for PBXNativeTarget "LumeTests" */;
			buildPhases = (
				BBA50032C21F496F5E52329C /* Sources */,
			);
			buildRules = (
			);
			dependencies = (
				8E7B38A65B8D585BE10FF242 /* PBXTargetDependency */,
			);
			name = LumeTests;
			packageProductDependencies = (
			);
			productName = LumeTests;
			productReference = FE97FEC434BC0AEE89BE0C9B /* LumeTests.xctest */;
			productType = "com.apple.product-type.bundle.unit-test";
		};
/* End PBXNativeTarget section */

/* Begin PBXProject section */
		A37DE961BCDB8E1D52678C1B /* Project object */ = {
			isa = PBXProject;
			attributes = {
				BuildIndependentTargetsInParallel = YES;
				LastUpgradeCheck = 1430;
				TargetAttributes = {
					6781F12CAACF93EAAB4D46AE = {
						DevelopmentTeam = XTU68E98BM;
						ProvisioningStyle = Automatic;
					};
					CBD5AE6E840C1A7DA79348F6 = {
						DevelopmentTeam = XTU68E98BM;
						ProvisioningStyle = Automatic;
					};
				};
			};
			buildConfigurationList = 63EE9F5397CD472FFAE326F3 /* Build configuration list for PBXProject "Lume" */;
			developmentRegion = en;
			hasScannedForEncodings = 0;
			knownRegions = (
				Base,
				en,
			);
			mainGroup = C2358255B6405E2CB603E22B;
			minimizedProjectReferenceProxies = 1;
			preferredProjectObjectVersion = 77;
			productRefGroup = 5F02AC32925040A73C46DC34 /* Products */;
			projectDirPath = "";
			projectRoot = "";
			targets = (
				6781F12CAACF93EAAB4D46AE /* Lume */,
				CBD5AE6E840C1A7DA79348F6 /* LumeTests */,
			);
		};
/* End PBXProject section */

/* Begin PBXResourcesBuildPhase section */
		1D179C034E0DCB7561277CD0 /* Resources */ = {
			isa = PBXResourcesBuildPhase;
			buildActionMask = 2147483647;
			files = (
				B89D069AA031EA93CCC417B8 /* 01_Background.svg in Resources */,
				BD2FD25E660A2BB23CF6C18B /* 01_Background_Dark.svg in Resources */,
				C90C84CF726D4CAEA7C005EF /* 02_Horizon.svg in Resources */,
				067365BA1450DECE081E017D /* 03_LighthouseTower.svg in Resources */,
				0FA89CA94A729693353CA4FD /* 04_LighthouseStar.svg in Resources */,
				C1289C304962366AE04CB9E1 /* 05_OrientationCorona.svg in Resources */,
				2048B3BCD12AE93852471B45 /* 06_Elements_Dark.svg in Resources */,
				26FF130FBB1B834877DA2872 /* AppIcon.icon in Resources */,
				AB880CDD6932AE4B2F0910B6 /* AppIcon60@2x.png in Resources */,
				F333F92FD5EDD90663149C76 /* AppIcon60@3x.png in Resources */,
			);
			runOnlyForDeploymentPostprocessing = 0;
		};
/* End PBXResourcesBuildPhase section */

/* Begin PBXSourcesBuildPhase section */
		4D16448F18F79829F8FAB167 /* Sources */ = {
			isa = PBXSourcesBuildPhase;
			buildActionMask = 2147483647;
			files = (
				A726CF144F385946F7DD113A /* AppModel.swift in Sources */,
				7174D7CFF1F30E0E71AC9050 /* LumeApp.swift in Sources */,
				E2CB8E731E249A8E92D9A77F /* LumeBluetoothManager.swift in Sources */,
				37F7F86AB724F71AC231CCDB /* LumeMark.swift in Sources */,
				47B0AC4694FB271A94B8153A /* LumeProtocol.swift in Sources */,
				F9BC2E9BDCBE5782CF67BF60 /* LumeTheme.swift in Sources */,
				BC91A8BFD1AA2085ECAFD452 /* PrioritiesStore.swift in Sources */,
				49F26354885BDABBD8458F1D /* PrioritiesView.swift in Sources */,
				4E9835D5AC7F23EBF14A06BD /* PriorityItem.swift in Sources */,
				D9FCC0240675D289D119718A /* RootView.swift in Sources */,
				DABB8F971B825F8E7C760509 /* TodayEntry.swift in Sources */,
				151D117B8755B07FEA046BB4 /* TodayProjection.swift in Sources */,
				E11B3D15EDE59D20C802AAC1 /* TodayStore.swift in Sources */,
				7E60D308DB208FE63C441695 /* TodayView.swift in Sources */,
			);
			runOnlyForDeploymentPostprocessing = 0;
		};
		BBA50032C21F496F5E52329C /* Sources */ = {
			isa = PBXSourcesBuildPhase;
			buildActionMask = 2147483647;
			files = (
				4105FA5165E067D37AEF8608 /* LumeProtocolTests.swift in Sources */,
				E3F77332A9BC83A22902FC55 /* TodayTests.swift in Sources */,
			);
			runOnlyForDeploymentPostprocessing = 0;
		};
/* End PBXSourcesBuildPhase section */

/* Begin PBXTargetDependency section */
		8E7B38A65B8D585BE10FF242 /* PBXTargetDependency */ = {
			isa = PBXTargetDependency;
			target = 6781F12CAACF93EAAB4D46AE /* Lume */;
			targetProxy = 5791556AED10E70049C43EDE /* PBXContainerItemProxy */;
		};
/* End PBXTargetDependency section */

/* Begin XCBuildConfiguration section */
		22B53164DF41E0BF764838C3 /* Release */ = {
			isa = XCBuildConfiguration;
			buildSettings = {
				BUNDLE_LOADER = "$(TEST_HOST)";
				LD_RUNPATH_SEARCH_PATHS = (
					"$(inherited)",
					"@executable_path/Frameworks",
					"@loader_path/Frameworks",
				);
				PRODUCT_BUNDLE_IDENTIFIER = com.maurizio.lume.tests;
				SDKROOT = iphoneos;
				TARGETED_DEVICE_FAMILY = "1,2";
				TEST_HOST = "$(BUILT_PRODUCTS_DIR)/Lume.app/Lume";
			};
			name = Release;
		};
		7FC603D81BF0D86186871A96 /* Release */ = {
			isa = XCBuildConfiguration;
			buildSettings = {
				ASSETCATALOG_COMPILER_APPICON_NAME = AppIcon;
				CODE_SIGN_IDENTITY = "iPhone Developer";
				INFOPLIST_FILE = Lume/Resources/Info.plist;
				LD_RUNPATH_SEARCH_PATHS = (
					"$(inherited)",
					"@executable_path/Frameworks",
				);
				PRODUCT_BUNDLE_IDENTIFIER = com.maurizio.lume;
				PRODUCT_NAME = Lume;
				SDKROOT = iphoneos;
				TARGETED_DEVICE_FAMILY = "1,2";
			};
			name = Release;
		};
		864901ED695DC7B6556BD812 /* Release */ = {
			isa = XCBuildConfiguration;
			buildSettings = {
				ALWAYS_SEARCH_USER_PATHS = NO;
				CLANG_ANALYZER_NONNULL = YES;
				CLANG_ANALYZER_NUMBER_OBJECT_CONVERSION = YES_AGGRESSIVE;
				CLANG_CXX_LANGUAGE_STANDARD = "gnu++14";
				CLANG_CXX_LIBRARY = "libc++";
				CLANG_ENABLE_MODULES = YES;
				CLANG_ENABLE_OBJC_ARC = YES;
				CLANG_ENABLE_OBJC_WEAK = YES;
				CLANG_WARN_BLOCK_CAPTURE_AUTORELEASING = YES;
				CLANG_WARN_BOOL_CONVERSION = YES;
				CLANG_WARN_COMMA = YES;
				CLANG_WARN_CONSTANT_CONVERSION = YES;
				CLANG_WARN_DEPRECATED_OBJC_IMPLEMENTATIONS = YES;
				CLANG_WARN_DIRECT_OBJC_ISA_USAGE = YES_ERROR;
				CLANG_WARN_DOCUMENTATION_COMMENTS = YES;
				CLANG_WARN_EMPTY_BODY = YES;
				CLANG_WARN_ENUM_CONVERSION = YES;
				CLANG_WARN_INFINITE_RECURSION = YES;
				CLANG_WARN_INT_CONVERSION = YES;
				CLANG_WARN_NON_LITERAL_NULL_CONVERSION = YES;
				CLANG_WARN_OBJC_IMPLICIT_RETAIN_SELF = YES;
				CLANG_WARN_OBJC_LITERAL_CONVERSION = YES;
				CLANG_WARN_OBJC_ROOT_CLASS = YES_ERROR;
				CLANG_WARN_QUOTED_INCLUDE_IN_FRAMEWORK_HEADER = YES;
				CLANG_WARN_RANGE_LOOP_ANALYSIS = YES;
				CLANG_WARN_STRICT_PROTOTYPES = YES;
				CLANG_WARN_SUSPICIOUS_MOVE = YES;
				CLANG_WARN_UNGUARDED_AVAILABILITY = YES_AGGRESSIVE;
				CLANG_WARN_UNREACHABLE_CODE = YES;
				CLANG_WARN__DUPLICATE_METHOD_MATCH = YES;
				CODE_SIGN_STYLE = Automatic;
				COPY_PHASE_STRIP = NO;
				CURRENT_PROJECT_VERSION = 1;
				DEBUG_INFORMATION_FORMAT = "dwarf-with-dsym";
				DEVELOPMENT_TEAM = XTU68E98BM;
				ENABLE_NS_ASSERTIONS = NO;
				ENABLE_STRICT_OBJC_MSGSEND = YES;
				ENABLE_USER_SCRIPT_SANDBOXING = YES;
				GCC_C_LANGUAGE_STANDARD = gnu11;
				GCC_NO_COMMON_BLOCKS = YES;
				GCC_WARN_64_TO_32_BIT_CONVERSION = YES;
				GCC_WARN_ABOUT_RETURN_TYPE = YES_ERROR;
				GCC_WARN_UNDECLARED_SELECTOR = YES;
				GCC_WARN_UNINITIALIZED_AUTOS = YES_AGGRESSIVE;
				GCC_WARN_UNUSED_FUNCTION = YES;
				GCC_WARN_UNUSED_VARIABLE = YES;
				IPHONEOS_DEPLOYMENT_TARGET = 17.0;
				MARKETING_VERSION = 0.2.0;
				MTL_ENABLE_DEBUG_INFO = NO;
				MTL_FAST_MATH = YES;
				PRODUCT_NAME = "$(TARGET_NAME)";
				SDKROOT = iphoneos;
				SWIFT_COMPILATION_MODE = wholemodule;
				SWIFT_OPTIMIZATION_LEVEL = "-O";
				SWIFT_STRICT_CONCURRENCY = targeted;
				SWIFT_VERSION = 6.0;
				TARGETED_DEVICE_FAMILY = 1;
			};
			name = Release;
		};
		A2B836027FA4F456FFAED631 /* Debug */ = {
			isa = XCBuildConfiguration;
			buildSettings = {
				ALWAYS_SEARCH_USER_PATHS = NO;
				CLANG_ANALYZER_NONNULL = YES;
				CLANG_ANALYZER_NUMBER_OBJECT_CONVERSION = YES_AGGRESSIVE;
				CLANG_CXX_LANGUAGE_STANDARD = "gnu++14";
				CLANG_CXX_LIBRARY = "libc++";
				CLANG_ENABLE_MODULES = YES;
				CLANG_ENABLE_OBJC_ARC = YES;
				CLANG_ENABLE_OBJC_WEAK = YES;
				CLANG_WARN_BLOCK_CAPTURE_AUTORELEASING = YES;
				CLANG_WARN_BOOL_CONVERSION = YES;
				CLANG_WARN_COMMA = YES;
				CLANG_WARN_CONSTANT_CONVERSION = YES;
				CLANG_WARN_DEPRECATED_OBJC_IMPLEMENTATIONS = YES;
				CLANG_WARN_DIRECT_OBJC_ISA_USAGE = YES_ERROR;
				CLANG_WARN_DOCUMENTATION_COMMENTS = YES;
				CLANG_WARN_EMPTY_BODY = YES;
				CLANG_WARN_ENUM_CONVERSION = YES;
				CLANG_WARN_INFINITE_RECURSION = YES;
				CLANG_WARN_INT_CONVERSION = YES;
				CLANG_WARN_NON_LITERAL_NULL_CONVERSION = YES;
				CLANG_WARN_OBJC_IMPLICIT_RETAIN_SELF = YES;
				CLANG_WARN_OBJC_LITERAL_CONVERSION = YES;
				CLANG_WARN_OBJC_ROOT_CLASS = YES_ERROR;
				CLANG_WARN_QUOTED_INCLUDE_IN_FRAMEWORK_HEADER = YES;
				CLANG_WARN_RANGE_LOOP_ANALYSIS = YES;
				CLANG_WARN_STRICT_PROTOTYPES = YES;
				CLANG_WARN_SUSPICIOUS_MOVE = YES;
				CLANG_WARN_UNGUARDED_AVAILABILITY = YES_AGGRESSIVE;
				CLANG_WARN_UNREACHABLE_CODE = YES;
				CLANG_WARN__DUPLICATE_METHOD_MATCH = YES;
				CODE_SIGN_STYLE = Automatic;
				COPY_PHASE_STRIP = NO;
				CURRENT_PROJECT_VERSION = 1;
				DEBUG_INFORMATION_FORMAT = dwarf;
				DEVELOPMENT_TEAM = XTU68E98BM;
				ENABLE_STRICT_OBJC_MSGSEND = YES;
				ENABLE_TESTABILITY = YES;
				ENABLE_USER_SCRIPT_SANDBOXING = YES;
				GCC_C_LANGUAGE_STANDARD = gnu11;
				GCC_DYNAMIC_NO_PIC = NO;
				GCC_NO_COMMON_BLOCKS = YES;
				GCC_OPTIMIZATION_LEVEL = 0;
				GCC_PREPROCESSOR_DEFINITIONS = (
					"$(inherited)",
					"DEBUG=1",
				);
				GCC_WARN_64_TO_32_BIT_CONVERSION = YES;
				GCC_WARN_ABOUT_RETURN_TYPE = YES_ERROR;
				GCC_WARN_UNDECLARED_SELECTOR = YES;
				GCC_WARN_UNINITIALIZED_AUTOS = YES_AGGRESSIVE;
				GCC_WARN_UNUSED_FUNCTION = YES;
				GCC_WARN_UNUSED_VARIABLE = YES;
				IPHONEOS_DEPLOYMENT_TARGET = 17.0;
				MARKETING_VERSION = 0.2.0;
				MTL_ENABLE_DEBUG_INFO = INCLUDE_SOURCE;
				MTL_FAST_MATH = YES;
				ONLY_ACTIVE_ARCH = YES;
				PRODUCT_NAME = "$(TARGET_NAME)";
				SDKROOT = iphoneos;
				SWIFT_ACTIVE_COMPILATION_CONDITIONS = DEBUG;
				SWIFT_OPTIMIZATION_LEVEL = "-Onone";
				SWIFT_STRICT_CONCURRENCY = targeted;
				SWIFT_VERSION = 6.0;
				TARGETED_DEVICE_FAMILY = 1;
			};
			name = Debug;
		};
		BF9A924C51566EF182C87508 /* Debug */ = {
			isa = XCBuildConfiguration;
			buildSettings = {
				BUNDLE_LOADER = "$(TEST_HOST)";
				LD_RUNPATH_SEARCH_PATHS = (
					"$(inherited)",
					"@executable_path/Frameworks",
					"@loader_path/Frameworks",
				);
				PRODUCT_BUNDLE_IDENTIFIER = com.maurizio.lume.tests;
				SDKROOT = iphoneos;
				TARGETED_DEVICE_FAMILY = "1,2";
				TEST_HOST = "$(BUILT_PRODUCTS_DIR)/Lume.app/Lume";
			};
			name = Debug;
		};
		C54C01410957D607158FF8CC /* Debug */ = {
			isa = XCBuildConfiguration;
			buildSettings = {
				ASSETCATALOG_COMPILER_APPICON_NAME = AppIcon;
				CODE_SIGN_IDENTITY = "iPhone Developer";
				INFOPLIST_FILE = Lume/Resources/Info.plist;
				LD_RUNPATH_SEARCH_PATHS = (
					"$(inherited)",
					"@executable_path/Frameworks",
				);
				PRODUCT_BUNDLE_IDENTIFIER = com.maurizio.lume;
				PRODUCT_NAME = Lume;
				SDKROOT = iphoneos;
				TARGETED_DEVICE_FAMILY = "1,2";
			};
			name = Debug;
		};
/* End XCBuildConfiguration section */

/* Begin XCConfigurationList section */
		427689F78894CE6AABB9523E /* Build configuration list for PBXNativeTarget "LumeTests" */ = {
			isa = XCConfigurationList;
			buildConfigurations = (
				BF9A924C51566EF182C87508 /* Debug */,
				22B53164DF41E0BF764838C3 /* Release */,
			);
			defaultConfigurationIsVisible = 0;
			defaultConfigurationName = Debug;
		};
		63EE9F5397CD472FFAE326F3 /* Build configuration list for PBXProject "Lume" */ = {
			isa = XCConfigurationList;
			buildConfigurations = (
				A2B836027FA4F456FFAED631 /* Debug */,
				864901ED695DC7B6556BD812 /* Release */,
			);
			defaultConfigurationIsVisible = 0;
			defaultConfigurationName = Debug;
		};
		BDC0374DA059459A7CA769D1 /* Build configuration list for PBXNativeTarget "Lume" */ = {
			isa = XCConfigurationList;
			buildConfigurations = (
				C54C01410957D607158FF8CC /* Debug */,
				7FC603D81BF0D86186871A96 /* Release */,
			);
			defaultConfigurationIsVisible = 0;
			defaultConfigurationName = Debug;
		};
/* End XCConfigurationList section */
	};
	rootObject = A37DE961BCDB8E1D52678C1B /* Project object */;
}
